// !$*UTF8*$!
{
	archiveVersion = 1;
	classes = {
	};
	objectVersion = 48;
	objects = {

/* Begin PBXBuildFile section */
		BFE9B0412035CDFF00E7122D /* AppDelegate.swift in Sources */ = {isa = PBXBuildFile; fileRef = BFE9B0402035CDFF00E7122D /* AppDelegate.swift */; };
		BFE9B0432035CDFF00E7122D /* ViewController.swift in Sources */ = {isa = PBXBuildFile; fileRef = BFE9B0422035CDFF00E7122D /* ViewController.swift */; };
		BFE9B0462035CDFF00E7122D /* Main.storyboard in Resources */ = {isa = PBXBuildFile; fileRef = BFE9B0442035CDFF00E7122D /* Main.storyboard */; };
		BFE9B0482035CDFF00E7122D /* Assets.xcassets in Resources */ = {isa = PBXBuildFile; fileRef = BFE9B0472035CDFF00E7122D /* Assets.xcassets */; };
		BFE9B04B2035CDFF00E7122D /* LaunchScreen.storyboard in Resources */ = {isa = PBXBuildFile; fileRef = BFE9B0492035CDFF00E7122D /* LaunchScreen.storyboard */; };
		BFE9B0562035CDFF00E7122D /* Apple_PieTests.swift in Sources */ = {isa = PBXBuildFile; fileRef = BFE9B0552035CDFF00E7122D /* Apple_PieTests.swift */; };
		BFE9B0612035CDFF00E7122D /* Apple_PieUITests.swift in Sources */ = {isa = PBXBuildFile; fileRef = BFE9B0602035CDFF00E7122D /* Apple_PieUITests.swift */; };
/* End PBXBuildFile section */

/* Begin PBXContainerItemProxy section */
		BFE9B0522035CDFF00E7122D /* PBXContainerItemProxy */ = {
			isa = PBXContainerItemProxy;
			containerPortal = BFE9B0352035CDFF00E7122D /* Project object */;
			proxyType = 1;
			remoteGlobalIDString = BFE9B03C2035CDFF00E7122D;
			remoteInfo = "Apple Pie";
		};
		BFE9B05D2035CDFF00E7122D /* PBXContainerItemProxy */ = {
			isa = PBXContainerItemProxy;
			containerPortal = BFE9B0352035CDFF00E7122D /* Project object */;
			proxyType = 1;
			remoteGlobalIDString = BFE9B03C2035CDFF00E7122D;
			remoteInfo = "Apple Pie";
		};
/* End PBXContainerItemProxy section */

/* Begin PBXFileReference section */
		BFE9B03D2035CDFF00E7122D /* Apple Pie.app */ = {isa = PBXFileReference; explicitFileType = wrapper.application; includeInIndex = 0; path = "Apple Pie.app"; sourceTree = BUILT_PRODUCTS_DIR; };
		BFE9B0402035CDFF00E7122D /* AppDelegate.swift */ = {isa = PBXFileReference; lastKnownFileType = sourcecode.swift; path = AppDelegate.swift; sourceTree = "<group>"; };
		BFE9B0422035CDFF00E7122D /* ViewController.swift */ = {isa = PBXFileReference; lastKnownFileType = sourcecode.swift; path = ViewController.swift; sourceTree = "<group>"; };
		BFE9B0452035CDFF00E7122D /* Base */ = {isa = PBXFileReference; lastKnownFileType = file.storyboard; name = Base; path = Base.lproj/Main.storyboard; sourceTree = "<group>"; };
		BFE9B0472035CDFF00E7122D /* Assets.xcassets */ = {isa = PBXFileReference; lastKnownFileType = folder.assetcatalog; path = Assets.xcassets; sourceTree = "<group>"; };
		BFE9B04A2035CDFF00E7122D /* Base */ = {isa = PBXFileReference; lastKnownFileType = file.storyboard; name = Base; path = Base.lproj/LaunchScreen.storyboard; sourceTree = "<group>"; };
		BFE9B04C2035CDFF00E7122D /* Info.plist */ = {isa = PBXFileReference; lastKnownFileType = text.plist.xml; path = Info.plist; sourceTree = "<group>"; };
		BFE9B0512035CDFF00E7122D /* Apple PieTests.xctest */ = {isa = PBXFileReference; explicitFileType = wrapper.cfbundle; includeInIndex = 0; path = "Apple PieTests.xctest"; sourceTree = BUILT_PRODUCTS_DIR; };
		BFE9B0552035CDFF00E7122D /* Apple_PieTests.swift */ = {isa = PBXFileReference; lastKnownFileType = sourcecode.swift; path = Apple_PieTests.swift; sourceTree = "<group>"; };
		BFE9B0572035CDFF00E7122D /* Info.plist */ = {isa = PBXFileReference; lastKnownFileType = text.plist.xml; path = Info.plist; sourceTree = "<group>"; };
		BFE9B05C2035CDFF00E7122D /* Apple PieUITests.xctest */ = {isa = PBXFileReference; explicitFileType = wrapper.cfbundle; includeInIndex = 0; path = "Apple PieUITests.xctest"; sourceTree = BUILT_PRODUCTS_DIR; };
		BFE9B0602035CDFF00E7122D /* Apple_PieUITests.swift */ = {isa = PBXFileReference; lastKnownFileType = sourcecode.swift; path = Apple_PieUITests.swift; sourceTree = "<group>"; };
		BFE9B0622035CDFF00E7122D /* Info.plist */ = {isa = PBXFileReference; lastKnownFileType = text.plist.xml; path = Info.plist; sourceTree = "<group>"; };
/* End PBXFileReference section */

/* Begin PBXFrameworksBuildPhase section */
		BFE9B03A2035CDFF00E7122D /* Frameworks */ = {
			isa = PBXFrameworksBuildPhase;
			buildActionMask = 2147483647;
			files = (
			);
			runOnlyForDeploymentPostprocessing = 0;
		};
		BFE9B04E2035CDFF00E7122D /* Frameworks */ = {
			isa = PBXFrameworksBuildPhase;
			buildActionMask = 2147483647;
			files = (
			);
			runOnlyForDeploymentPostprocessing = 0;
		};
		BFE9B0592035CDFF00E7122D /* Frameworks */ = {
			isa = PBXFrameworksBuildPhase;
			buildActionMask = 2147483647;
			files = (
			);
			runOnlyForDeploymentPostprocessing = 0;
		};
/* End PBXFrameworksBuildPhase section */

/* Begin PBXGroup section */
		BFE9B0342035CDFF00E7122D = {
			isa = PBXGroup;
			children = (
				BFE9B03F2035CDFF00E7122D /* Apple Pie */,
				BFE9B0542035CDFF00E7122D /* Apple PieTests */,
				BFE9B05F2035CDFF00E7122D /* Apple PieUITests */,
				BFE9B03E2035CDFF00E7122D /* Products */,
			);
			sourceTree = "<group>";
		};
		BFE9B03E2035CDFF00E7122D /* Products */ = {
			isa = PBXGroup;
			children = (
				BFE9B03D2035CDFF00E7122D /* Apple Pie.app */,
				BFE9B0512035CDFF00E7122D /* Apple PieTests.xctest */,
				BFE9B05C2035CDFF00E7122D /* Apple PieUITests.xctest */,
			);
			name = Products;
			sourceTree = "<group>";
		};
		BFE9B03F2035CDFF00E7122D /* Apple Pie */ = {
			isa = PBXGroup;
			children = (
				BFE9B0402035CDFF00E7122D /* AppDelegate.swift */,
				BFE9B0422035CDFF00E7122D /* ViewController.swift */,
				BFE9B0442035CDFF00E7122D /* Main.storyboard */,
				BFE9B0472035CDFF00E7122D /* Assets.xcassets */,
				BFE9B0492035CDFF00E7122D /* LaunchScreen.storyboard */,
				BFE9B04C2035CDFF00E7122D /* Info.plist */,
			);
			path = "Apple Pie";
			sourceTree = "<group>";
		};
		BFE9B0542035CDFF00E7122D /* Apple PieTests */ = {
			isa = PBXGroup;
			children = (
				BFE9B0552035CDFF00E7122D /* Apple_PieTests.swift */,
				BFE9B0572035CDFF00E7122D /* Info.plist */,
			);
			path = "Apple PieTests";
			sourceTree = "<group>";
		};
		BFE9B05F2035CDFF00E7122D /* Apple PieUITests */ = {
			isa = PBXGroup;
			children = (
				BFE9B0602035CDFF00E7122D /* Apple_PieUITests.swift */,
				BFE9B0622035CDFF00E7122D /* Info.plist */,
			);
			path = "Apple PieUITests";
			sourceTree = "<group>";
		};
/* End PBXGroup section */

/* Begin PBXNativeTarget section */
		BFE9B03C2035CDFF00E7122D /* Apple Pie */ = {
			isa = PBXNativeTarget;
			buildConfigurationList = BFE9B0652035CDFF00E7122D /* Build configuration list for PBXNativeTarget "Apple Pie" */;
			buildPhases = (
				BFE9B0392035CDFF00E7122D /* Sources */,
				BFE9B03A2035CDFF00E7122D /* Frameworks */,
				BFE9B03B2035CDFF00E7122D /* Resources */,
			);
			buildRules = (
			);
			dependencies = (
			);
			name = "Apple Pie";
			productName = "Apple Pie";
			productReference = BFE9B03D2035CDFF00E7122D /* Apple Pie.app */;
			productType = "com.apple.product-type.application";
		};
		BFE9B0502035CDFF00E7122D /* Apple PieTests */ = {
			isa = PBXNativeTarget;
			buildConfigurationList = BFE9B0682035CDFF00E7122D /* Build configuration list for PBXNativeTarget "Apple PieTests" */;
			buildPhases = (
				BFE9B04D2035CDFF00E7122D /* Sources */,
				BFE9B04E2035CDFF00E7122D /* Frameworks */,
				BFE9B04F2035CDFF00E7122D /* Resources */,
			);
			buildRules = (
			);
			dependencies = (
				BFE9B0532035CDFF00E7122D /* PBXTargetDependency */,
			);
			name = "Apple PieTests";
			productName = "Apple PieTests";
			productReference = BFE9B0512035CDFF00E7122D /* Apple PieTests.xctest */;
			productType = "com.apple.product-type.bundle.unit-test";
		};
		BFE9B05B2035CDFF00E7122D /* Apple PieUITests */ = {
			isa = PBXNativeTarget;
			buildConfigurationList = BFE9B06B2035CDFF00E7122D /* Build configuration list for PBXNativeTarget "Apple PieUITests" */;
			buildPhases = (
				BFE9B0582035CDFF00E7122D /* Sources */,
				BFE9B0592035CDFF00E7122D /* Frameworks */,
				BFE9B05A2035CDFF00E7122D /* Resources */,
			);
			buildRules = (
			);
			dependencies = (
				BFE9B05E2035CDFF00E7122D /* PBXTargetDependency */,
			);
			name = "Apple PieUITests";
			productName = "Apple PieUITests";
			productReference = BFE9B05C2035CDFF00E7122D /* Apple PieUITests.xctest */;
			productType = "com.apple.product-type.bundle.ui-testing";
		};
/* End PBXNativeTarget section */

/* Begin PBXProject section */
		BFE9B0352035CDFF00E7122D /* Project object */ = {
			isa = PBXProject;
			attributes = {
				LastSwiftUpdateCheck = 0920;
				LastUpgradeCheck = 0920;
				ORGANIZATIONNAME = "Native App Studio";
				TargetAttributes = {
					BFE9B03C2035CDFF00E7122D = {
						CreatedOnToolsVersion = 9.2;
						ProvisioningStyle = Automatic;
					};
					BFE9B0502035CDFF00E7122D = {
						CreatedOnToolsVersion = 9.2;
						ProvisioningStyle = Automatic;
						TestTargetID = BFE9B03C2035CDFF00E7122D;
					};
					BFE9B05B2035CDFF00E7122D = {
						CreatedOnToolsVersion = 9.2;
						ProvisioningStyle = Automatic;
						TestTargetID = BFE9B03C2035CDFF00E7122D;
					};
				};
			};
			buildConfigurationList = BFE9B0382035CDFF00E7122D /* Build configuration list for PBXProject "Apple Pie" */;
			compatibilityVersion = "Xcode 8.0";
			developmentRegion = en;
			hasScannedForEncodings = 0;
			knownRegions = (
				en,
				Base,
			);
			mainGroup = BFE9B0342035CDFF00E7122D;
			productRefGroup = BFE9B03E2035CDFF00E7122D /* Products */;
			projectDirPath = "";
			projectRoot = "";
			targets = (
				BFE9B03C2035CDFF00E7122D /* Apple Pie */,
				BFE9B0502035CDFF00E7122D /* Apple PieTests */,
				BFE9B05B2035CDFF00E7122D /* Apple PieUITests */,
			);
		};
/* End PBXProject section */

/* Begin PBXResourcesBuildPhase section */
		BFE9B03B2035CDFF00E7122D /* Resources */ = {
			isa = PBXResourcesBuildPhase;
			buildActionMask = 2147483647;
			files = (
				BFE9B04B2035CDFF00E7122D /* LaunchScreen.storyboard in Resources */,
				BFE9B0482035CDFF00E7122D /* Assets.xcassets in Resources */,
				BFE9B0462035CDFF00E7122D /* Main.storyboard in Resources */,
			);
			runOnlyForDeploymentPostprocessing = 0;
		};
		BFE9B04F2035CDFF00E7122D /* Resources */ = {
			isa = PBXResourcesBuildPhase;
			buildActionMask = 2147483647;
			files = (
			);
			runOnlyForDeploymentPostprocessing = 0;
		};
		BFE9B05A2035CDFF00E7122D /* Resources */ = {
			isa = PBXResourcesBuildPhase;
			buildActionMask = 2147483647;
			files = (
			);
			runOnlyForDeploymentPostprocessing = 0;
		};
/* End PBXResourcesBuildPhase section */

/* Begin PBXSourcesBuildPhase section */
		BFE9B0392035CDFF00E7122D /* Sources */ = {
			isa = PBXSourcesBuildPhase;
			buildActionMask = 2147483647;
			files = (
				BFE9B0432035CDFF00E7122D /* ViewController.swift in Sources */,
				BFE9B0412035CDFF00E7122D /* AppDelegate.swift in Sources */,
			);
			runOnlyForDeploymentPostprocessing = 0;
		};
		BFE9B04D2035CDFF00E7122D /* Sources */ = {
			isa = PBXSourcesBuildPhase;
			buildActionMask = 2147483647;
			files = (
				BFE9B0562035CDFF00E7122D /* Apple_PieTests.swift in Sources */,
			);
			runOnlyForDeploymentPostprocessing = 0;
		};
		BFE9B0582035CDFF00E7122D /* Sources */ = {
			isa = PBXSourcesBuildPhase;
			buildActionMask = 2147483647;
			files = (
				BFE9B0612035CDFF00E7122D /* Apple_PieUITests.swift in Sources */,
			);
			runOnlyForDeploymentPostprocessing = 0;
		};
/* End PBXSourcesBuildPhase section */

/* Begin PBXTargetDependency section */
		BFE9B0532035CDFF00E7122D /* PBXTargetDependency */ = {
			isa = PBXTargetDependency;
			target = BFE9B03C2035CDFF00E7122D /* Apple Pie */;
			targetProxy = BFE9B0522035CDFF00E7122D /* PBXContainerItemProxy */;
		};
		BFE9B05E2035CDFF00E7122D /* PBXTargetDependency */ = {
			isa = PBXTargetDependency;
			target = BFE9B03C2035CDFF00E7122D /* Apple Pie */;
			targetProxy = BFE9B05D2035CDFF00E7122D /* PBXContainerItemProxy */;
		};
/* End PBXTargetDependency section */

/* Begin PBXVariantGroup section */
		BFE9B0442035CDFF00E7122D /* Main.storyboard */ = {
			isa = PBXVariantGroup;
			children = (
				BFE9B0452035CDFF00E7122D /* Base */,
			);
			name = Main.storyboard;
			sourceTree = "<group>";
		};
		BFE9B0492035CDFF00E7122D /* LaunchScreen.storyboard */ = {
			isa = PBXVariantGroup;
			children = (
				BFE9B04A2035CDFF00E7122D /* Base */,
			);
			name = LaunchScreen.storyboard;
			sourceTree = "<group>";
		};
/* End PBXVariantGroup section */

/* Begin XCBuildConfiguration section */
		BFE9B0632035CDFF00E7122D /* Debug */ = {
			isa = XCBuildConfiguration;
			buildSettings = {
				ALWAYS_SEARCH_USER_PATHS = NO;
				CLANG_ANALYZER_NONNULL = YES;
				CLANG_ANALYZER_NUMBER_OBJECT_CONVERSION = YES_AGGRESSIVE;
				CLANG_CXX_LANGUAGE_STANDARD = "gnu++14";
				CLANG_CXX_LIBRARY = "libc++";
				CLANG_ENABLE_MODULES = YES;
				CLANG_ENABLE_OBJC_ARC = YES;
				CLANG_WARN_BLOCK_CAPTURE_AUTORELEASING = YES;
				CLANG_WARN_BOOL_CONVERSION = YES;
				CLANG_WARN_COMMA = YES;
				CLANG_WARN_CONSTANT_CONVERSION = YES;
				CLANG_WARN_DIRECT_OBJC_ISA_USAGE = YES_ERROR;
				CLANG_WARN_DOCUMENTATION_COMMENTS = YES;
				CLANG_WARN_EMPTY_BODY = YES;
				CLANG_WARN_ENUM_CONVERSION = YES;
				CLANG_WARN_INFINITE_RECURSION = YES;
				CLANG_WARN_INT_CONVERSION = YES;
				CLANG_WARN_NON_LITERAL_NULL_CONVERSION = YES;
				CLANG_WARN_OBJC_LITERAL_CONVERSION = YES;
				CLANG_WARN_OBJC_ROOT_CLASS = YES_ERROR;
				CLANG_WARN_RANGE_LOOP_ANALYSIS = YES;
				CLANG_WARN_STRICT_PROTOTYPES = YES;
				CLANG_WARN_SUSPICIOUS_MOVE = YES;
				CLANG_WARN_UNGUARDED_AVAILABILITY = YES_AGGRESSIVE;
				CLANG_WARN_UNREACHABLE_CODE = YES;
				CLANG_WARN__DUPLICATE_METHOD_MATCH = YES;
				CODE_SIGN_IDENTITY = "iPhone Developer";
				COPY_PHASE_STRIP = NO;
				DEBUG_INFORMATION_FORMAT = dwarf;
				ENABLE_STRICT_OBJC_MSGSEND = YES;
				ENABLE_TESTABILITY = YES;
				GCC_C_LANGUAGE_STANDARD = gnu11;
				GCC_DYNAMIC_NO_PIC = NO;
				GCC_NO_COMMON_BLOCKS = YES;
				GCC_OPTIMIZATION_LEVEL = 0;
				GCC_PREPROCESSOR_DEFINITIONS = (
					"DEBUG=1",
					"$(inherited)",
				);
				GCC_WARN_64_TO_32_BIT_CONVERSION = YES;
				GCC_WARN_ABOUT_RETURN_TYPE = YES_ERROR;
				GCC_WARN_UNDECLARED_SELECTOR = YES;
				GCC_WARN_UNINITIALIZED_AUTOS = YES_AGGRESSIVE;
				GCC_WARN_UNUSED_FUNCTION = YES;
				GCC_WARN_UNUSED_VARIABLE = YES;
				IPHONEOS_DEPLOYMENT_TARGET = 11.2;
				MTL_ENABLE_DEBUG_INFO = YES;
				ONLY_ACTIVE_ARCH = YES;
				SDKROOT = iphoneos;
				SWIFT_ACTIVE_COMPILATION_CONDITIONS = DEBUG;
				SWIFT_OPTIMIZATION_LEVEL = "-Onone";
			};
			name = Debug;
		};
		BFE9B0642035CDFF00E7122D /* Release */ = {
			isa = XCBuildConfiguration;
			buildSettings = {
				ALWAYS_SEARCH_USER_PATHS = NO;
				CLANG_ANALYZER_NONNULL = YES;
				CLANG_ANALYZER_NUMBER_OBJECT_CONVERSION = YES_AGGRESSIVE;
				CLANG_CXX_LANGUAGE_STANDARD = "gnu++14";
				CLANG_CXX_LIBRARY = "libc++";
				CLANG_ENABLE_MODULES = YES;
				CLANG_ENABLE_OBJC_ARC = YES;
				CLANG_WARN_BLOCK_CAPTURE_AUTORELEASING = YES;
				CLANG_WARN_BOOL_CONVERSION = YES;
				CLANG_WARN_COMMA = YES;
				CLANG_WARN_CONSTANT_CONVERSION = YES;
				CLANG_WARN_DIRECT_OBJC_ISA_USAGE = YES_ERROR;
				CLANG_WARN_DOCUMENTATION_COMMENTS = YES;
				CLANG_WARN_EMPTY_BODY = YES;
				CLANG_WARN_ENUM_CONVERSION = YES;
				CLANG_WARN_INFINITE_RECURSION = YES;
				CLANG_WARN_INT_CONVERSION = YES;
				CLANG_WARN_NON_LITERAL_NULL_CONVERSION = YES;
				CLANG_WARN_OBJC_LITERAL_CONVERSION = YES;
				CLANG_WARN_OBJC_ROOT_CLASS = YES_ERROR;
				CLANG_WARN_RANGE_LOOP_ANALYSIS = YES;
				CLANG_WARN_STRICT_PROTOTYPES = YES;
				CLANG_WARN_SUSPICIOUS_MOVE = YES;
				CLANG_WARN_UNGUARDED_AVAILABILITY = YES_AGGRESSIVE;
				CLANG_WARN_UNREACHABLE_CODE = YES;
				CLANG_WARN__DUPLICATE_METHOD_MATCH = YES;
				CODE_SIGN_IDENTITY = "iPhone Developer";
				COPY_PHASE_STRIP = NO;
				DEBUG_INFORMATION_FORMAT = "dwarf-with-dsym";
				ENABLE_NS_ASSERTIONS = NO;
				ENABLE_STRICT_OBJC_MSGSEND = YES;
				GCC_C_LANGUAGE_STANDARD = gnu11;
				GCC_NO_COMMON_BLOCKS = YES;
				GCC_WARN_64_TO_32_BIT_CONVERSION = YES;
				GCC_WARN_ABOUT_RETURN_TYPE = YES_ERROR;
				GCC_WARN_UNDECLARED_SELECTOR = YES;
				GCC_WARN_UNINITIALIZED_AUTOS = YES_AGGRESSIVE;
				GCC_WARN_UNUSED_FUNCTION = YES;
				GCC_WARN_UNUSED_VARIABLE = YES;
				IPHONEOS_DEPLOYMENT_TARGET = 11.2;
				MTL_ENABLE_DEBUG_INFO = NO;
				SDKROOT = iphoneos;
				SWIFT_OPTIMIZATION_LEVEL = "-Owholemodule";
				VALIDATE_PRODUCT = YES;
			};
			name = Release;
		};
		BFE9B0662035CDFF00E7122D /* Debug */ = {
			isa = XCBuildConfiguration;
			buildSettings = {
				ASSETCATALOG_COMPILER_APPICON_NAME = AppIcon;
				CODE_SIGN_STYLE = Automatic;
				INFOPLIST_FILE = "Apple Pie/Info.plist";
				LD_RUNPATH_SEARCH_PATHS = "$(inherited) @executable_path/Frameworks";
				PRODUCT_BUNDLE_IDENTIFIER = "nl.mprog.Apple-Pie";
				PRODUCT_NAME = "$(TARGET_NAME)";
				SWIFT_VERSION = 4.0;
				TARGETED_DEVICE_FAMILY = "1,2";
			};
			name = Debug;
		};
		BFE9B0672035CDFF00E7122D /* Release */ = {
			isa = XCBuildConfiguration;
			buildSettings = {
				ASSETCATALOG_COMPILER_APPICON_NAME = AppIcon;
				CODE_SIGN_STYLE = Automatic;
				INFOPLIST_FILE = "Apple Pie/Info.plist";
				LD_RUNPATH_SEARCH_PATHS = "$(inherited) @executable_path/Frameworks";
				PRODUCT_BUNDLE_IDENTIFIER = "nl.mprog.Apple-Pie";
				PRODUCT_NAME = "$(TARGET_NAME)";
				SWIFT_VERSION = 4.0;
				TARGETED_DEVICE_FAMILY = "1,2";
			};
			name = Release;
		};
		BFE9B0692035CDFF00E7122D /* Debug */ = {
			isa = XCBuildConfiguration;
			buildSettings = {
				ALWAYS_EMBED_SWIFT_STANDARD_LIBRARIES = YES;
				BUNDLE_LOADER = "$(TEST_HOST)";
				CODE_SIGN_STYLE = Automatic;
				INFOPLIST_FILE = "Apple PieTests/Info.plist";
				LD_RUNPATH_SEARCH_PATHS = "$(inherited) @executable_path/Frameworks @loader_path/Frameworks";
				PRODUCT_BUNDLE_IDENTIFIER = "nl.mprog.Apple-PieTests";
				PRODUCT_NAME = "$(TARGET_NAME)";
				SWIFT_VERSION = 4.0;
				TARGETED_DEVICE_FAMILY = "1,2";
				TEST_HOST = "$(BUILT_PRODUCTS_DIR)/Apple Pie.app/Apple Pie";
			};
			name = Debug;
		};
		BFE9B06A2035CDFF00E7122D /* Release */ = {
			isa = XCBuildConfiguration;
			buildSettings = {
				ALWAYS_EMBED_SWIFT_STANDARD_LIBRARIES = YES;
				BUNDLE_LOADER = "$(TEST_HOST)";
				CODE_SIGN_STYLE = Automatic;
				INFOPLIST_FILE = "Apple PieTests/Info.plist";
				LD_RUNPATH_SEARCH_PATHS = "$(inherited) @executable_path/Frameworks @loader_path/Frameworks";
				PRODUCT_BUNDLE_IDENTIFIER = "nl.mprog.Apple-PieTests";
				PRODUCT_NAME = "$(TARGET_NAME)";
				SWIFT_VERSION = 4.0;
				TARGETED_DEVICE_FAMILY = "1,2";
				TEST_HOST = "$(BUILT_PRODUCTS_DIR)/Apple Pie.app/Apple Pie";
			};
			name = Release;
		};
		BFE9B06C2035CDFF00E7122D /* Debug */ = {
			isa = XCBuildConfiguration;
			buildSettings = {
				ALWAYS_EMBED_SWIFT_STANDARD_LIBRARIES = YES;
				CODE_SIGN_STYLE = Automatic;
				INFOPLIST_FILE = "Apple PieUITests/Info.plist";
				LD_RUNPATH_SEARCH_PATHS = "$(inherited) @executable_path/Frameworks @loader_path/Frameworks";
				PRODUCT_BUNDLE_IDENTIFIER = "nl.mprog.Apple-PieUITests";
				PRODUCT_NAME = "$(TARGET_NAME)";
				SWIFT_VERSION = 4.0;
				TARGETED_DEVICE_FAMILY = "1,2";
				TEST_TARGET_NAME = "Apple Pie";
			};
			name = Debug;
		};
		BFE9B06D2035CDFF00E7122D /* Release */ = {
			isa = XCBuildConfiguration;
			buildSettings = {
				ALWAYS_EMBED_SWIFT_STANDARD_LIBRARIES = YES;
				CODE_SIGN_STYLE = Automatic;
				INFOPLIST_FILE = "Apple PieUITests/Info.plist";
				LD_RUNPATH_SEARCH_PATHS = "$(inherited) @executable_path/Frameworks @loader_path/Frameworks";
				PRODUCT_BUNDLE_IDENTIFIER = "nl.mprog.Apple-PieUITests";
				PRODUCT_NAME = "$(TARGET_NAME)";
				SWIFT_VERSION = 4.0;
				TARGETED_DEVICE_FAMILY = "1,2";
				TEST_TARGET_NAME = "Apple Pie";
			};
			name = Release;
		};
/* End XCBuildConfiguration section */

/* Begin XCConfigurationList section */
		BFE9B0382035CDFF00E7122D /* Build configuration list for PBXProject "Apple Pie" */ = {
			isa = XCConfigurationList;
			buildConfigurations = (
				BFE9B0632035CDFF00E7122D /* Debug */,
				BFE9B0642035CDFF00E7122D /* Release */,
			);
			defaultConfigurationIsVisible = 0;
			defaultConfigurationName = Release;
		};
		BFE9B0652035CDFF00E7122D /* Build configuration list for PBXNativeTarget "Apple Pie" */ = {
			isa = XCConfigurationList;
			buildConfigurations = (
				BFE9B0662035CDFF00E7122D /* Debug */,
				BFE9B0672035CDFF00E7122D /* Release */,
			);
			defaultConfigurationIsVisible = 0;
			defaultConfigurationName = Release;
		};
		BFE9B0682035CDFF00E7122D /* Build configuration list for PBXNativeTarget "Apple PieTests" */ = {
			isa = XCConfigurationList;
			buildConfigurations = (
				BFE9B0692035CDFF00E7122D /* Debug */,
				BFE9B06A2035CDFF00E7122D /* Release */,
			);
			defaultConfigurationIsVisible = 0;
			defaultConfigurationName = Release;
		};
		BFE9B06B2035CDFF00E7122D /* Build configuration list for PBXNativeTarget "Apple PieUITests" */ = {
			isa = XCConfigurationList;
			buildConfigurations = (
				BFE9B06C2035CDFF00E7122D /* Debug */,
				BFE9B06D2035CDFF00E7122D /* Release */,
			);
			defaultConfigurationIsVisible = 0;
			defaultConfigurationName = Release;
		};
/* End XCConfigurationList section */
	};
	rootObject = BFE9B0352035CDFF00E7122D /* Project object */;
}
